<?xml version="1.0" encoding="utf-8"?>
<Project ToolsVersion="4.0" xmlns="http://schemas.microsoft.com/developer/msbuild/2003">
  <ItemGroup>
    <Filter Include="Source Files">
      <UniqueIdentifier>{4FC737F1-C7A5-4376-A066-2A32D752A2FF}</UniqueIdentifier>
      <Extensions>cpp;c;cc;cxx;def;odl;idl;hpj;bat;asm;asmx</Extensions>
    </Filter>
    <Filter Include="Header Files">
      <UniqueIdentifier>{93995380-89BD-4b04-88EB-625FBE52EBFB}</UniqueIdentifier>
      <Extensions>h;hh;hpp;hxx;hm;inl;inc;ipp;xsd</Extensions>
    </Filter>
    <Filter Include="Resource Files">
      <UniqueIdentifier>{67DA6AB6-F800-4c08-8B7A-83BB121AAD01}</UniqueIdentifier>
      <Extensions>rc;ico;cur;bmp;dlg;rc2;rct;bin;rgs;gif;jpg;jpeg;jpe;resx;tiff;tif;png;wav;mfcribbon-ms</Extensions>
    </Filter>
    <Filter Include="Source Files\Models">
      <UniqueIdentifier>{798b9a10-ab48-48f3-bc56-085db8ff885e}</UniqueIdentifier>
    </Filter>
    <Filter Include="Header Files\Models">
      <UniqueIdentifier>{fba32eed-2b67-4293-b663-77f1659f824d}</UniqueIdentifier>
    </Filter>
    <Filter Include="Source Files\FSM">
      <UniqueIdentifier>{978377f8-76da-4744-bc62-2c48f45b8845}</UniqueIdentifier>
    </Filter>
    <Filter Include="Header Files\FSM">
      <UniqueIdentifier>{094af3cd-92da-458d-9363-a3b151e6fb72}</UniqueIdentifier>
    </Filter>
    <Filter Include="Source Files\Models\NPCs">
      <UniqueIdentifier>{fe10aca1-4a2a-40d0-bcda-6f484883b789}</UniqueIdentifier>
    </Filter>
    <Filter Include="Header Files\Models\NPCs">
      <UniqueIdentifier>{af4dfca5-7a94-41a7-b417-f0d860a71310}</UniqueIdentifier>
    </Filter>
    <Filter Include="Source Files\Models\Utils">
      <UniqueIdentifier>{9f72d9e7-3891-4319-a6b2-c95fdd6bf6a6}</UniqueIdentifier>
    </Filter>
    <Filter Include="Header Files\Models\Utils">
      <UniqueIdentifier>{ce0c2262-6e05-48b8-800e-16a075347c1d}</UniqueIdentifier>
    </Filter>
  </ItemGroup>
  <ItemGroup>
    <ClCompile Include="main.cpp">
      <Filter>Source Files</Filter>
    </ClCompile>
    <ClCompile Include="Map.cpp">
      <Filter>Source Files\Models</Filter>
    </ClCompile>
    <ClCompile Include="Bullet.cpp">
      <Filter>Source Files\Models</Filter>
    </ClCompile>
    <ClCompile Include="Order.cpp">
      <Filter>Source Files\Models</Filter>
    </ClCompile>
    <ClCompile Include="Grenade.cpp">
      <Filter>Source Files\Models</Filter>
    </ClCompile>
    <ClCompile Include="BaseNPC.cpp">
      <Filter>Source Files\Models\NPCs</Filter>
    </ClCompile>
    <ClCompile Include="Warehouse.cpp">
      <Filter>Source Files\Models</Filter>
    </ClCompile>
    <ClCompile Include="WarriorNPC.cpp">
      <Filter>Source Files\Models\NPCs</Filter>
    </ClCompile>
    <ClCompile Include="CommanderNPC.cpp">
      <Filter>Source Files\Models\NPCs</Filter>
    </ClCompile>
    <ClCompile Include="MedicNPC.cpp">
      <Filter>Source Files\Models\NPCs</Filter>
    </ClCompile>
    <ClCompile Include="AStar.cpp">
      <Filter>Source Files\Models\Utils</Filter>
    </ClCompile>
    <ClCompile Include="FSM.cpp">
      <Filter>Source Files\Models\Utils</Filter>
    </ClCompile>
    <ClCompile Include="NodeAStar.cpp">
      <Filter>Source Files\Models\Utils</Filter>
    </ClCompile>
    <ClCompile Include="NodeBFS.cpp">
      <Filter>Source Files\Models\Utils</Filter>
    </ClCompile>
    <ClCompile Include="SupplierNPC.cpp">
      <Filter>Source Files</Filter>
    </ClCompile>
  </ItemGroup>
  <ItemGroup>
    <ClInclude Include="Map.h">
      <Filter>Header Files\Models</Filter>
    </ClInclude>
    <ClInclude Include="Warehouse.h">
      <Filter>Header Files\Models</Filter>
    </ClInclude>
    <ClInclude Include="Bullet.h">
      <Filter>Header Files\Models</Filter>
    </ClInclude>
    <ClInclude Include="Order.h">
      <Filter>Header Files\Models</Filter>
    </ClInclude>
    <ClInclude Include="Grenade.h">
      <Filter>Header Files\Models</Filter>
    </ClInclude>
    <ClInclude Include="BaseNPC.h">
      <Filter>Header Files\Models\NPCs</Filter>
    </ClInclude>
    <ClInclude Include="WarriorNPC.h">
      <Filter>Header Files\Models\NPCs</Filter>
    </ClInclude>
    <ClInclude Include="CommanderNPC.h">
      <Filter>Header Files\Models\NPCs</Filter>
    </ClInclude>
    <ClInclude Include="MedicNPC.h">
      <Filter>Header Files\Models\NPCs</Filter>
    </ClInclude>
    <ClInclude Include="AStar.h">
      <Filter>Header Files\Models\Utils</Filter>
    </ClInclude>
    <ClInclude Include="FSM.h">
      <Filter>Header Files\Models\Utils</Filter>
    </ClInclude>
    <ClInclude Include="NodeAStar.h">
      <Filter>Header Files\Models\Utils</Filter>
    </ClInclude>
    <ClInclude Include="NodeBFS.h">
      <Filter>Header Files\Models\Utils</Filter>
    </ClInclude>
    <ClInclude Include="Types.h">
      <Filter>Header Files\Models\Utils</Filter>
    </ClInclude>
    <ClInclude Include="SupplierNPC.h">
      <Filter>Header Files</Filter>
    </ClInclude>
  </ItemGroup>
</Project>